
Microsoft Visual Studio Solution File, Format Version 12.00
# Visual Studio Version 17
VisualStudioVersion = 17.3.32901.215
MinimumVisualStudioVersion = 10.0.40219.1
Project("{9A19103F-16F7-4668-BE54-9A1E7A4F7556}") = "FileParser", "ConsoleApp1\FileParser.csproj", "{5CB6B6C8-B4D1-4387-A8F7-4425F4E108BA}"
EndProject
Project("{9A19103F-16F7-4668-BE54-9A1E7A4F7556}") = "Core", "Core\Core.csproj", "{28616BC1-EF46-463F-B682-B96A74E9B611}"
EndProject
Project("{FAE04EC0-301F-11D3-BF4B-00C04F79EFBC}") = "API", "API\API.csproj", "{33972C43-88C8-492A-9331-B868A88C0193}"
EndProject
Global
	GlobalSection(SolutionConfigurationPlatforms) = preSolution
		Debug|Any CPU = Debug|Any CPU
		Release|Any CPU = Release|Any CPU
	EndGlobalSection
	GlobalSection(ProjectConfigurationPlatforms) = postSolution
		{5CB6B6C8-B4D1-4387-A8F7-4425F4E108BA}.Debug|Any CPU.ActiveCfg = Debug|Any CPU
		{5CB6B6C8-B4D1-4387-A8F7-4425F4E108BA}.Debug|Any CPU.Build.0 = Debug|Any CPU
		{5CB6B6C8-B4D1-4387-A8F7-4425F4E108BA}.Release|Any CPU.ActiveCfg = Release|Any CPU
		{5CB6B6C8-B4D1-4387-A8F7-4425F4E108BA}.Release|Any CPU.Build.0 = Release|Any CPU
		{28616BC1-EF46-463F-B682-B96A74E9B611}.Debug|Any CPU.ActiveCfg = Debug|Any CPU
		{28616BC1-EF46-463F-B682-B96A74E9B611}.Debug|Any CPU.Build.0 = Debug|Any CPU
		{28616BC1-EF46-463F-B682-B96A74E9B611}.Release|Any CPU.ActiveCfg = Release|Any CPU
		{28616BC1-EF46-463F-B682-B96A74E9B611}.Release|Any CPU.Build.0 = Release|Any CPU
		{33972C43-88C8-492A-9331-B868A88C0193}.Debug|Any CPU.ActiveCfg = Debug|Any CPU
		{33972C43-88C8-492A-9331-B868A88C0193}.Debug|Any CPU.Build.0 = Debug|Any CPU
		{33972C43-88C8-492A-9331-B868A88C0193}.Release|Any CPU.ActiveCfg = Release|Any CPU
		{33972C43-88C8-492A-9331-B868A88C0193}.Release|Any CPU.Build.0 = Release|Any CPU
	EndGlobalSection
	GlobalSection(SolutionProperties) = preSolution
		HideSolutionNode = FALSE
	EndGlobalSection
	GlobalSection(ExtensibilityGlobals) = postSolution
		SolutionGuid = {FDA7A925-B7F3-4911-85BF-07D76291346C}
	EndGlobalSection
EndGlobal
